// !$*UTF8*$!
{
	archiveVersion = 1;
	classes = {
	};
	objectVersion = 56;
	objects = {

/* Begin PBXBuildFile section */
		3BEEDEF72C2959BD00239470 /* Assignment1App.swift in Sources */ = {isa = PBXBuildFile; fileRef = 3BEEDEF62C2959BD00239470 /* Assignment1App.swift */; };
		3BEEDEF92C2959BD00239470 /* LoginView.swift in Sources */ = {isa = PBXBuildFile; fileRef = 3BEEDEF82C2959BD00239470 /* LoginView.swift */; };
		3BEEDEFB2C2959BE00239470 /* Assets.xcassets in Resources */ = {isa = PBXBuildFile; fileRef = 3BEEDEFA2C2959BE00239470 /* Assets.xcassets */; };
		3BEEDEFE2C2959BE00239470 /* Preview Assets.xcassets in Resources */ = {isa = PBXBuildFile; fileRef = 3BEEDEFD2C2959BE00239470 /* Preview Assets.xcassets */; };
		3BEEDF082C29627600239470 /* LoginModel.swift in Sources */ = {isa = PBXBuildFile; fileRef = 3BEEDF072C29627600239470 /* LoginModel.swift */; };
		3BEEDF0A2C29628400239470 /* LoginViewModel.swift in Sources */ = {isa = PBXBuildFile; fileRef = 3BEEDF092C29628400239470 /* LoginViewModel.swift */; };
		3BEEDF0C2C2962CB00239470 /* LoginModifiers.swift in Sources */ = {isa = PBXBuildFile; fileRef = 3BEEDF0B2C2962CB00239470 /* LoginModifiers.swift */; };
		3BEEDF142C299AFA00239470 /* DashboardListView.swift in Sources */ = {isa = PBXBuildFile; fileRef = 3BEEDF132C299AFA00239470 /* DashboardListView.swift */; };
		3BEEDF162C2BD77A00239470 /* DashboardViewModel.swift in Sources */ = {isa = PBXBuildFile; fileRef = 3BEEDF152C2BD77A00239470 /* DashboardViewModel.swift */; };
		3BEEDF182C2BD78400239470 /* DashboardModel.swift in Sources */ = {isa = PBXBuildFile; fileRef = 3BEEDF172C2BD78400239470 /* DashboardModel.swift */; };
		3BEEDF1C2C2BDCFF00239470 /* DashboardCardView.swift in Sources */ = {isa = PBXBuildFile; fileRef = 3BEEDF1B2C2BDCFF00239470 /* DashboardCardView.swift */; };
		3BEEDF1F2C2BEB8500239470 /* AddUserView.swift in Sources */ = {isa = PBXBuildFile; fileRef = 3BEEDF1E2C2BEB8500239470 /* AddUserView.swift */; };
/* End PBXBuildFile section */

/* Begin PBXFileReference section */
		3BEEDEF32C2959BD00239470 /* Assignment1.app */ = {isa = PBXFileReference; explicitFileType = wrapper.application; includeInIndex = 0; path = Assignment1.app; sourceTree = BUILT_PRODUCTS_DIR; };
		3BEEDEF62C2959BD00239470 /* Assignment1App.swift */ = {isa = PBXFileReference; lastKnownFileType = sourcecode.swift; path = Assignment1App.swift; sourceTree = "<group>"; };
		3BEEDEF82C2959BD00239470 /* LoginView.swift */ = {isa = PBXFileReference; lastKnownFileType = sourcecode.swift; path = LoginView.swift; sourceTree = "<group>"; };
		3BEEDEFA2C2959BE00239470 /* Assets.xcassets */ = {isa = PBXFileReference; lastKnownFileType = folder.assetcatalog; path = Assets.xcassets; sourceTree = "<group>"; };
		3BEEDEFD2C2959BE00239470 /* Preview Assets.xcassets */ = {isa = PBXFileReference; lastKnownFileType = folder.assetcatalog; path = "Preview Assets.xcassets"; sourceTree = "<group>"; };
		3BEEDF072C29627600239470 /* LoginModel.swift */ = {isa = PBXFileReference; lastKnownFileType = sourcecode.swift; path = LoginModel.swift; sourceTree = "<group>"; };
		3BEEDF092C29628400239470 /* LoginViewModel.swift */ = {isa = PBXFileReference; lastKnownFileType = sourcecode.swift; path = LoginViewModel.swift; sourceTree = "<group>"; };
		3BEEDF0B2C2962CB00239470 /* LoginModifiers.swift */ = {isa = PBXFileReference; lastKnownFileType = sourcecode.swift; path = LoginModifiers.swift; sourceTree = "<group>"; };
		3BEEDF132C299AFA00239470 /* DashboardListView.swift */ = {isa = PBXFileReference; lastKnownFileType = sourcecode.swift; path = DashboardListView.swift; sourceTree = "<group>"; };
		3BEEDF152C2BD77A00239470 /* DashboardViewModel.swift */ = {isa = PBXFileReference; lastKnownFileType = sourcecode.swift; path = DashboardViewModel.swift; sourceTree = "<group>"; };
		3BEEDF172C2BD78400239470 /* DashboardModel.swift */ = {isa = PBXFileReference; lastKnownFileType = sourcecode.swift; path = DashboardModel.swift; sourceTree = "<group>"; };
		3BEEDF1B2C2BDCFF00239470 /* DashboardCardView.swift */ = {isa = PBXFileReference; lastKnownFileType = sourcecode.swift; path = DashboardCardView.swift; sourceTree = "<group>"; };
		3BEEDF1E2C2BEB8500239470 /* AddUserView.swift */ = {isa = PBXFileReference; lastKnownFileType = sourcecode.swift; path = AddUserView.swift; sourceTree = "<group>"; };
/* End PBXFileReference section */

/* Begin PBXFrameworksBuildPhase section */
		3BEEDEF02C2959BD00239470 /* Frameworks */ = {
			isa = PBXFrameworksBuildPhase;
			buildActionMask = 2147483647;
			files = (
			);
			runOnlyForDeploymentPostprocessing = 0;
		};
/* End PBXFrameworksBuildPhase section */

/* Begin PBXGroup section */
		3BEEDEEA2C2959BD00239470 = {
			isa = PBXGroup;
			children = (
				3BEEDEF52C2959BD00239470 /* Assignment1 */,
				3BEEDEF42C2959BD00239470 /* Products */,
			);
			sourceTree = "<group>";
		};
		3BEEDEF42C2959BD00239470 /* Products */ = {
			isa = PBXGroup;
			children = (
				3BEEDEF32C2959BD00239470 /* Assignment1.app */,
			);
			name = Products;
			sourceTree = "<group>";
		};
		3BEEDEF52C2959BD00239470 /* Assignment1 */ = {
			isa = PBXGroup;
			children = (
				3BEEDF1D2C2BEB5A00239470 /* AddUserView */,
				3BEEDF122C299AE700239470 /* Dashboard */,
				3BEEDF0D2C2972B300239470 /* PopUpView */,
				3BEEDF042C29625900239470 /* Login */,
				3BEEDEF62C2959BD00239470 /* Assignment1App.swift */,
				3BEEDEFA2C2959BE00239470 /* Assets.xcassets */,
				3BEEDEFC2C2959BE00239470 /* Preview Content */,
			);
			path = Assignment1;
			sourceTree = "<group>";
		};
		3BEEDEFC2C2959BE00239470 /* Preview Content */ = {
			isa = PBXGroup;
			children = (
				3BEEDEFD2C2959BE00239470 /* Preview Assets.xcassets */,
			);
			path = "Preview Content";
			sourceTree = "<group>";
		};
		3BEEDF042C29625900239470 /* Login */ = {
			isa = PBXGroup;
			children = (
				3BEEDEF82C2959BD00239470 /* LoginView.swift */,
				3BEEDF072C29627600239470 /* LoginModel.swift */,
				3BEEDF092C29628400239470 /* LoginViewModel.swift */,
				3BEEDF0B2C2962CB00239470 /* LoginModifiers.swift */,
			);
			path = Login;
			sourceTree = "<group>";
		};
		3BEEDF0D2C2972B300239470 /* PopUpView */ = {
			isa = PBXGroup;
			children = (
			);
			path = PopUpView;
			sourceTree = "<group>";
		};
		3BEEDF122C299AE700239470 /* Dashboard */ = {
			isa = PBXGroup;
			children = (
				3BEEDF132C299AFA00239470 /* DashboardListView.swift */,
				3BEEDF152C2BD77A00239470 /* DashboardViewModel.swift */,
				3BEEDF172C2BD78400239470 /* DashboardModel.swift */,
				3BEEDF1B2C2BDCFF00239470 /* DashboardCardView.swift */,
			);
			path = Dashboard;
			sourceTree = "<group>";
		};
		3BEEDF1D2C2BEB5A00239470 /* AddUserView */ = {
			isa = PBXGroup;
			children = (
				3BEEDF1E2C2BEB8500239470 /* AddUserView.swift */,
			);
			path = AddUserView;
			sourceTree = "<group>";
		};
/* End PBXGroup section */

/* Begin PBXNativeTarget section */
		3BEEDEF22C2959BD00239470 /* Assignment1 */ = {
			isa = PBXNativeTarget;
			buildConfigurationList = 3BEEDF012C2959BE00239470 /* Build configuration list for PBXNativeTarget "Assignment1" */;
			buildPhases = (
				3BEEDEEF2C2959BD00239470 /* Sources */,
				3BEEDEF02C2959BD00239470 /* Frameworks */,
				3BEEDEF12C2959BD00239470 /* Resources */,
			);
			buildRules = (
			);
			dependencies = (
			);
			name = Assignment1;
			productName = Assignment1;
			productReference = 3BEEDEF32C2959BD00239470 /* Assignment1.app */;
			productType = "com.apple.product-type.application";
		};
/* End PBXNativeTarget section */

/* Begin PBXProject section */
		3BEEDEEB2C2959BD00239470 /* Project object */ = {
			isa = PBXProject;
			attributes = {
				BuildIndependentTargetsInParallel = 1;
				LastSwiftUpdateCheck = 1540;
				LastUpgradeCheck = 1540;
				TargetAttributes = {
					3BEEDEF22C2959BD00239470 = {
						CreatedOnToolsVersion = 15.4;
					};
				};
			};
			buildConfigurationList = 3BEEDEEE2C2959BD00239470 /* Build configuration list for PBXProject "Assignment1" */;
			compatibilityVersion = "Xcode 14.0";
			developmentRegion = en;
			hasScannedForEncodings = 0;
			knownRegions = (
				en,
				Base,
			);
			mainGroup = 3BEEDEEA2C2959BD00239470;
			productRefGroup = 3BEEDEF42C2959BD00239470 /* Products */;
			projectDirPath = "";
			projectRoot = "";
			targets = (
				3BEEDEF22C2959BD00239470 /* Assignment1 */,
			);
		};
/* End PBXProject section */

/* Begin PBXResourcesBuildPhase section */
		3BEEDEF12C2959BD00239470 /* Resources */ = {
			isa = PBXResourcesBuildPhase;
			buildActionMask = 2147483647;
			files = (
				3BEEDEFE2C2959BE00239470 /* Preview Assets.xcassets in Resources */,
				3BEEDEFB2C2959BE00239470 /* Assets.xcassets in Resources */,
			);
			runOnlyForDeploymentPostprocessing = 0;
		};
/* End PBXResourcesBuildPhase section */

/* Begin PBXSourcesBuildPhase section */
		3BEEDEEF2C2959BD00239470 /* Sources */ = {
			isa = PBXSourcesBuildPhase;
			buildActionMask = 2147483647;
			files = (
				3BEEDF182C2BD78400239470 /* DashboardModel.swift in Sources */,
				3BEEDF0A2C29628400239470 /* LoginViewModel.swift in Sources */,
				3BEEDF0C2C2962CB00239470 /* LoginModifiers.swift in Sources */,
				3BEEDEF92C2959BD00239470 /* LoginView.swift in Sources */,
				3BEEDF142C299AFA00239470 /* DashboardListView.swift in Sources */,
				3BEEDF082C29627600239470 /* LoginModel.swift in Sources */,
				3BEEDEF72C2959BD00239470 /* Assignment1App.swift in Sources */,
				3BEEDF1F2C2BEB8500239470 /* AddUserView.swift in Sources */,
				3BEEDF162C2BD77A00239470 /* DashboardViewModel.swift in Sources */,
				3BEEDF1C2C2BDCFF00239470 /* DashboardCardView.swift in Sources */,
			);
			runOnlyForDeploymentPostprocessing = 0;
		};
/* End PBXSourcesBuildPhase section */

/* Begin XCBuildConfiguration section */
		3BEEDEFF2C2959BE00239470 /* Debug */ = {
			isa = XCBuildConfiguration;
			buildSettings = {
				ALWAYS_SEARCH_USER_PATHS = NO;
				ASSETCATALOG_COMPILER_GENERATE_SWIFT_ASSET_SYMBOL_EXTENSIONS = YES;
				CLANG_ANALYZER_NONNULL = YES;
				CLANG_ANALYZER_NUMBER_OBJECT_CONVERSION = YES_AGGRESSIVE;
				CLANG_CXX_LANGUAGE_STANDARD = "gnu++20";
				CLANG_ENABLE_MODULES = YES;
				CLANG_ENABLE_OBJC_ARC = YES;
				CLANG_ENABLE_OBJC_WEAK = YES;
				CLANG_WARN_BLOCK_CAPTURE_AUTORELEASING = YES;
				CLANG_WARN_BOOL_CONVERSION = YES;
				CLANG_WARN_COMMA = YES;
				CLANG_WARN_CONSTANT_CONVERSION = YES;
				CLANG_WARN_DEPRECATED_OBJC_IMPLEMENTATIONS = YES;
				CLANG_WARN_DIRECT_OBJC_ISA_USAGE = YES_ERROR;
				CLANG_WARN_DOCUMENTATION_COMMENTS = YES;
				CLANG_WARN_EMPTY_BODY = YES;
				CLANG_WARN_ENUM_CONVERSION = YES;
				CLANG_WARN_INFINITE_RECURSION = YES;
				CLANG_WARN_INT_CONVERSION = YES;
				CLANG_WARN_NON_LITERAL_NULL_CONVERSION = YES;
				CLANG_WARN_OBJC_IMPLICIT_RETAIN_SELF = YES;
				CLANG_WARN_OBJC_LITERAL_CONVERSION = YES;
				CLANG_WARN_OBJC_ROOT_CLASS = YES_ERROR;
				CLANG_WARN_QUOTED_INCLUDE_IN_FRAMEWORK_HEADER = YES;
				CLANG_WARN_RANGE_LOOP_ANALYSIS = YES;
				CLANG_WARN_STRICT_PROTOTYPES = YES;
				CLANG_WARN_SUSPICIOUS_MOVE = YES;
				CLANG_WARN_UNGUARDED_AVAILABILITY = YES_AGGRESSIVE;
				CLANG_WARN_UNREACHABLE_CODE = YES;
				CLANG_WARN__DUPLICATE_METHOD_MATCH = YES;
				COPY_PHASE_STRIP = NO;
				DEBUG_INFORMATION_FORMAT = dwarf;
				ENABLE_STRICT_OBJC_MSGSEND = YES;
				ENABLE_TESTABILITY = YES;
				ENABLE_USER_SCRIPT_SANDBOXING = YES;
				GCC_C_LANGUAGE_STANDARD = gnu17;
				GCC_DYNAMIC_NO_PIC = NO;
				GCC_NO_COMMON_BLOCKS = YES;
				GCC_OPTIMIZATION_LEVEL = 0;
				GCC_PREPROCESSOR_DEFINITIONS = (
					"DEBUG=1",
					"$(inherited)",
				);
				GCC_WARN_64_TO_32_BIT_CONVERSION = YES;
				GCC_WARN_ABOUT_RETURN_TYPE = YES_ERROR;
				GCC_WARN_UNDECLARED_SELECTOR = YES;
				GCC_WARN_UNINITIALIZED_AUTOS = YES_AGGRESSIVE;
				GCC_WARN_UNUSED_FUNCTION = YES;
				GCC_WARN_UNUSED_VARIABLE = YES;
				IPHONEOS_DEPLOYMENT_TARGET = 17.5;
				LOCALIZATION_PREFERS_STRING_CATALOGS = YES;
				MTL_ENABLE_DEBUG_INFO = INCLUDE_SOURCE;
				MTL_FAST_MATH = YES;
				ONLY_ACTIVE_ARCH = YES;
				SDKROOT = iphoneos;
				SWIFT_ACTIVE_COMPILATION_CONDITIONS = "DEBUG $(inherited)";
				SWIFT_OPTIMIZATION_LEVEL = "-Onone";
			};
			name = Debug;
		};
		3BEEDF002C2959BE00239470 /* Release */ = {
			isa = XCBuildConfiguration;
			buildSettings = {
				ALWAYS_SEARCH_USER_PATHS = NO;
				ASSETCATALOG_COMPILER_GENERATE_SWIFT_ASSET_SYMBOL_EXTENSIONS = YES;
				CLANG_ANALYZER_NONNULL = YES;
				CLANG_ANALYZER_NUMBER_OBJECT_CONVERSION = YES_AGGRESSIVE;
				CLANG_CXX_LANGUAGE_STANDARD = "gnu++20";
				CLANG_ENABLE_MODULES = YES;
				CLANG_ENABLE_OBJC_ARC = YES;
				CLANG_ENABLE_OBJC_WEAK = YES;
				CLANG_WARN_BLOCK_CAPTURE_AUTORELEASING = YES;
				CLANG_WARN_BOOL_CONVERSION = YES;
				CLANG_WARN_COMMA = YES;
				CLANG_WARN_CONSTANT_CONVERSION = YES;
				CLANG_WARN_DEPRECATED_OBJC_IMPLEMENTATIONS = YES;
				CLANG_WARN_DIRECT_OBJC_ISA_USAGE = YES_ERROR;
				CLANG_WARN_DOCUMENTATION_COMMENTS = YES;
				CLANG_WARN_EMPTY_BODY = YES;
				CLANG_WARN_ENUM_CONVERSION = YES;
				CLANG_WARN_INFINITE_RECURSION = YES;
				CLANG_WARN_INT_CONVERSION = YES;
				CLANG_WARN_NON_LITERAL_NULL_CONVERSION = YES;
				CLANG_WARN_OBJC_IMPLICIT_RETAIN_SELF = YES;
				CLANG_WARN_OBJC_LITERAL_CONVERSION = YES;
				CLANG_WARN_OBJC_ROOT_CLASS = YES_ERROR;
				CLANG_WARN_QUOTED_INCLUDE_IN_FRAMEWORK_HEADER = YES;
				CLANG_WARN_RANGE_LOOP_ANALYSIS = YES;
				CLANG_WARN_STRICT_PROTOTYPES = YES;
				CLANG_WARN_SUSPICIOUS_MOVE = YES;
				CLANG_WARN_UNGUARDED_AVAILABILITY = YES_AGGRESSIVE;
				CLANG_WARN_UNREACHABLE_CODE = YES;
				CLANG_WARN__DUPLICATE_METHOD_MATCH = YES;
				COPY_PHASE_STRIP = NO;
				DEBUG_INFORMATION_FORMAT = "dwarf-with-dsym";
				ENABLE_NS_ASSERTIONS = NO;
				ENABLE_STRICT_OBJC_MSGSEND = YES;
				ENABLE_USER_SCRIPT_SANDBOXING = YES;
				GCC_C_LANGUAGE_STANDARD = gnu17;
				GCC_NO_COMMON_BLOCKS = YES;
				GCC_WARN_64_TO_32_BIT_CONVERSION = YES;
				GCC_WARN_ABOUT_RETURN_TYPE = YES_ERROR;
				GCC_WARN_UNDECLARED_SELECTOR = YES;
				GCC_WARN_UNINITIALIZED_AUTOS = YES_AGGRESSIVE;
				GCC_WARN_UNUSED_FUNCTION = YES;
				GCC_WARN_UNUSED_VARIABLE = YES;
				IPHONEOS_DEPLOYMENT_TARGET = 17.5;
				LOCALIZATION_PREFERS_STRING_CATALOGS = YES;
				MTL_ENABLE_DEBUG_INFO = NO;
				MTL_FAST_MATH = YES;
				SDKROOT = iphoneos;
				SWIFT_COMPILATION_MODE = wholemodule;
				VALIDATE_PRODUCT = YES;
			};
			name = Release;
		};
		3BEEDF022C2959BE00239470 /* Debug */ = {
			isa = XCBuildConfiguration;
			buildSettings = {
				ASSETCATALOG_COMPILER_APPICON_NAME = AppIcon;
				ASSETCATALOG_COMPILER_GLOBAL_ACCENT_COLOR_NAME = AccentColor;
				CODE_SIGN_STYLE = Automatic;
				CURRENT_PROJECT_VERSION = 1;
				DEVELOPMENT_ASSET_PATHS = "\"Assignment1/Preview Content\"";
				DEVELOPMENT_TEAM = 6NRJ487R66;
				ENABLE_PREVIEWS = YES;
				GENERATE_INFOPLIST_FILE = YES;
				INFOPLIST_KEY_UIApplicationSceneManifest_Generation = YES;
				INFOPLIST_KEY_UIApplicationSupportsIndirectInputEvents = YES;
				INFOPLIST_KEY_UILaunchScreen_Generation = YES;
				INFOPLIST_KEY_UISupportedInterfaceOrientations_iPad = "UIInterfaceOrientationPortrait UIInterfaceOrientationPortraitUpsideDown UIInterfaceOrientationLandscapeLeft UIInterfaceOrientationLandscapeRight";
				INFOPLIST_KEY_UISupportedInterfaceOrientations_iPhone = "UIInterfaceOrientationPortrait UIInterfaceOrientationLandscapeLeft UIInterfaceOrientationLandscapeRight";
				LD_RUNPATH_SEARCH_PATHS = (
					"$(inherited)",
					"@executable_path/Frameworks",
				);
				MARKETING_VERSION = 1.0;
				PRODUCT_BUNDLE_IDENTIFIER = TTN.Assignment1;
				PRODUCT_NAME = "$(TARGET_NAME)";
				SWIFT_EMIT_LOC_STRINGS = YES;
				SWIFT_VERSION = 5.0;
				TARGETED_DEVICE_FAMILY = "1,2";
			};
			name = Debug;
		};
		3BEEDF032C2959BE00239470 /* Release */ = {
			isa = XCBuildConfiguration;
			buildSettings = {
				ASSETCATALOG_COMPILER_APPICON_NAME = AppIcon;
				ASSETCATALOG_COMPILER_GLOBAL_ACCENT_COLOR_NAME = AccentColor;
				CODE_SIGN_STYLE = Automatic;
				CURRENT_PROJECT_VERSION = 1;
				DEVELOPMENT_ASSET_PATHS = "\"Assignment1/Preview Content\"";
				DEVELOPMENT_TEAM = 6NRJ487R66;
				ENABLE_PREVIEWS = YES;
				GENERATE_INFOPLIST_FILE = YES;
				INFOPLIST_KEY_UIApplicationSceneManifest_Generation = YES;
				INFOPLIST_KEY_UIApplicationSupportsIndirectInputEvents = YES;
				INFOPLIST_KEY_UILaunchScreen_Generation = YES;
				INFOPLIST_KEY_UISupportedInterfaceOrientations_iPad = "UIInterfaceOrientationPortrait UIInterfaceOrientationPortraitUpsideDown UIInterfaceOrientationLandscapeLeft UIInterfaceOrientationLandscapeRight";
				INFOPLIST_KEY_UISupportedInterfaceOrientations_iPhone = "UIInterfaceOrientationPortrait UIInterfaceOrientationLandscapeLeft UIInterfaceOrientationLandscapeRight";
				LD_RUNPATH_SEARCH_PATHS = (
					"$(inherited)",
					"@executable_path/Frameworks",
				);
				MARKETING_VERSION = 1.0;
				PRODUCT_BUNDLE_IDENTIFIER = TTN.Assignment1;
				PRODUCT_NAME = "$(TARGET_NAME)";
				SWIFT_EMIT_LOC_STRINGS = YES;
				SWIFT_VERSION = 5.0;
				TARGETED_DEVICE_FAMILY = "1,2";
			};
			name = Release;
		};
/* End XCBuildConfiguration section */

/* Begin XCConfigurationList section */
		3BEEDEEE2C2959BD00239470 /* Build configuration list for PBXProject "Assignment1" */ = {
			isa = XCConfigurationList;
			buildConfigurations = (
				3BEEDEFF2C2959BE00239470 /* Debug */,
				3BEEDF002C2959BE00239470 /* Release */,
			);
			defaultConfigurationIsVisible = 0;
			defaultConfigurationName = Release;
		};
		3BEEDF012C2959BE00239470 /* Build configuration list for PBXNativeTarget "Assignment1" */ = {
			isa = XCConfigurationList;
			buildConfigurations = (
				3BEEDF022C2959BE00239470 /* Debug */,
				3BEEDF032C2959BE00239470 /* Release */,
			);
			defaultConfigurationIsVisible = 0;
			defaultConfigurationName = Release;
		};
/* End XCConfigurationList section */
	};
	rootObject = 3BEEDEEB2C2959BD00239470 /* Project object */;
}
